// !$*UTF8*$!
{
	archiveVersion = 1;
	classes = {
	};
	objectVersion = 56;
	objects = {

/* Begin PBXBuildFile section */
		43690CE7EECD234068AC9583 /* Pods_Crypto_App.framework in Frameworks */ = {isa = PBXBuildFile; fileRef = F9EAADB531860ED534304545 /* Pods_Crypto_App.framework */; };
		ED1269DA28F85FA300B06DDB /* RemoteConfigDefaults.plist in Resources */ = {isa = PBXBuildFile; fileRef = ED1269D928F85FA300B06DDB /* RemoteConfigDefaults.plist */; };
		ED4CE41828F15266002A38FE /* AppDelegate.swift in Sources */ = {isa = PBXBuildFile; fileRef = ED4CE41728F15266002A38FE /* AppDelegate.swift */; };
		ED4CE42128F15267002A38FE /* Assets.xcassets in Resources */ = {isa = PBXBuildFile; fileRef = ED4CE42028F15267002A38FE /* Assets.xcassets */; };
		ED4CE42428F15267002A38FE /* LaunchScreen.storyboard in Resources */ = {isa = PBXBuildFile; fileRef = ED4CE42228F15267002A38FE /* LaunchScreen.storyboard */; };
		ED4CE43028F160C4002A38FE /* RecentPhotosViewController.swift in Sources */ = {isa = PBXBuildFile; fileRef = ED4CE42E28F160C4002A38FE /* RecentPhotosViewController.swift */; };
		ED89E2FF28F29D1300C96D75 /* Charts in Frameworks */ = {isa = PBXBuildFile; productRef = ED89E2FE28F29D1300C96D75 /* Charts */; };
		ED89E30F28F2D1C600C96D75 /* FirebaseAuth in Frameworks */ = {isa = PBXBuildFile; productRef = ED89E30E28F2D1C600C96D75 /* FirebaseAuth */; };
		ED89E31128F2D1C600C96D75 /* FirebaseDatabaseSwift in Frameworks */ = {isa = PBXBuildFile; productRef = ED89E31028F2D1C600C96D75 /* FirebaseDatabaseSwift */; };
		ED89E31328F2D1C600C96D75 /* FirebaseFirestoreSwift in Frameworks */ = {isa = PBXBuildFile; productRef = ED89E31228F2D1C600C96D75 /* FirebaseFirestoreSwift */; };
		ED89E31528F2D1C600C96D75 /* FirebaseRemoteConfigSwift in Frameworks */ = {isa = PBXBuildFile; productRef = ED89E31428F2D1C600C96D75 /* FirebaseRemoteConfigSwift */; };
		ED89E31728F2D1C600C96D75 /* FirebaseStorage in Frameworks */ = {isa = PBXBuildFile; productRef = ED89E31628F2D1C600C96D75 /* FirebaseStorage */; };
		ED89E31B28F2D6F900C96D75 /* AuthViewController.swift in Sources */ = {isa = PBXBuildFile; fileRef = ED89E31928F2D6F900C96D75 /* AuthViewController.swift */; };
		ED89E31C28F2D6F900C96D75 /* AuthViewController.xib in Resources */ = {isa = PBXBuildFile; fileRef = ED89E31A28F2D6F900C96D75 /* AuthViewController.xib */; };
		ED89E32128F2D92800C96D75 /* AuthViewModel.swift in Sources */ = {isa = PBXBuildFile; fileRef = ED89E32028F2D92800C96D75 /* AuthViewModel.swift */; };
		ED9E9E5F28F1612C00B048B0 /* RecentPhotosViewController.xib in Resources */ = {isa = PBXBuildFile; fileRef = ED9E9E5E28F1612C00B048B0 /* RecentPhotosViewController.xib */; };
		ED9E9E6A28F179E100B048B0 /* RecentPhotosViewModel.swift in Sources */ = {isa = PBXBuildFile; fileRef = ED9E9E6928F179E100B048B0 /* RecentPhotosViewModel.swift */; };
		ED9E9E6D28F17C0A00B048B0 /* Photo.swift in Sources */ = {isa = PBXBuildFile; fileRef = ED9E9E6C28F17C0A00B048B0 /* Photo.swift */; };
		ED9E9E6F28F17D4800B048B0 /* PhotosResponse.swift in Sources */ = {isa = PBXBuildFile; fileRef = ED9E9E6E28F17D4800B048B0 /* PhotosResponse.swift */; };
		ED9E9E7228F183AE00B048B0 /* PhotoTableViewCell.swift in Sources */ = {isa = PBXBuildFile; fileRef = ED9E9E7128F183AE00B048B0 /* PhotoTableViewCell.swift */; };
		ED9E9E7428F183D800B048B0 /* PhotoTableViewCell.xib in Resources */ = {isa = PBXBuildFile; fileRef = ED9E9E7328F183D800B048B0 /* PhotoTableViewCell.xib */; };
		EDC88D9B28FA93C800D8645D /* AlertPresentable.swift in Sources */ = {isa = PBXBuildFile; fileRef = EDC88D9A28FA93C800D8645D /* AlertPresentable.swift */; };
		EDC88D9E28FA978100D8645D /* FAViewController.swift in Sources */ = {isa = PBXBuildFile; fileRef = EDC88D9D28FA978100D8645D /* FAViewController.swift */; };
		EDC88DA028FAA40800D8645D /* FlickrAPI.swift in Sources */ = {isa = PBXBuildFile; fileRef = EDC88D9F28FAA40800D8645D /* FlickrAPI.swift */; };
		EDF0F5A928FBEFA100B7C51D /* Assets.swift in Sources */ = {isa = PBXBuildFile; fileRef = EDF0F5A828FBEFA100B7C51D /* Assets.swift */; };
		EDF0F5AB28FBF5BF00B7C51D /* Fonts.swift in Sources */ = {isa = PBXBuildFile; fileRef = EDF0F5AA28FBF5BF00B7C51D /* Fonts.swift */; };
		EDF0F5B628FC067D00B7C51D /* User.swift in Sources */ = {isa = PBXBuildFile; fileRef = EDF0F5B528FC067D00B7C51D /* User.swift */; };
		EDF0F5B928FC082500B7C51D /* Encodable+Extensions.swift in Sources */ = {isa = PBXBuildFile; fileRef = EDF0F5B828FC082500B7C51D /* Encodable+Extensions.swift */; };
		EDF0F5BC28FC15FA00B7C51D /* UserDefaultConstants.swift in Sources */ = {isa = PBXBuildFile; fileRef = EDF0F5BB28FC15FA00B7C51D /* UserDefaultConstants.swift */; };
		EDF0F5BE28FC179F00B7C51D /* UserDefaultsAccessible.swift in Sources */ = {isa = PBXBuildFile; fileRef = EDF0F5BD28FC179F00B7C51D /* UserDefaultsAccessible.swift */; };
		EDF0F5C028FC180000B7C51D /* FAViewModel.swift in Sources */ = {isa = PBXBuildFile; fileRef = EDF0F5BF28FC180000B7C51D /* FAViewModel.swift */; };
		EDF0F5C228FC182A00B7C51D /* FireBaseFireStoreAccessible.swift in Sources */ = {isa = PBXBuildFile; fileRef = EDF0F5C128FC182A00B7C51D /* FireBaseFireStoreAccessible.swift */; };
		F34B061E29006A7A00BD5660 /* ProfileViewController.swift in Sources */ = {isa = PBXBuildFile; fileRef = F34B061C29006A7A00BD5660 /* ProfileViewController.swift */; };
		F34B062129006B1B00BD5660 /* ProfileViewController.xib in Resources */ = {isa = PBXBuildFile; fileRef = F34B062029006B1B00BD5660 /* ProfileViewController.xib */; };
		F34B062829006CA300BD5660 /* ProfileViewModel.swift in Sources */ = {isa = PBXBuildFile; fileRef = F34B062729006CA300BD5660 /* ProfileViewModel.swift */; };
		F34B062C29006CD900BD5660 /* ProfileCollectionViewCell.swift in Sources */ = {isa = PBXBuildFile; fileRef = F34B062A29006CD900BD5660 /* ProfileCollectionViewCell.swift */; };
		F34B062D29006CD900BD5660 /* ProfileCollectionViewCell.xib in Resources */ = {isa = PBXBuildFile; fileRef = F34B062B29006CD900BD5660 /* ProfileCollectionViewCell.xib */; };
		F3759C9A2900A19C001C16C2 /* SearchViewModel.swift in Sources */ = {isa = PBXBuildFile; fileRef = F3759C992900A19C001C16C2 /* SearchViewModel.swift */; };
		F3BFC15328FEE602004E68A1 /* SearchViewController.swift in Sources */ = {isa = PBXBuildFile; fileRef = F3BFC15128FEE602004E68A1 /* SearchViewController.swift */; };
		F3BFC15428FEE602004E68A1 /* SearchViewController.xib in Resources */ = {isa = PBXBuildFile; fileRef = F3BFC15228FEE602004E68A1 /* SearchViewController.xib */; };
		F3BFC15828FEE7BA004E68A1 /* SearchCollectionViewCell.swift in Sources */ = {isa = PBXBuildFile; fileRef = F3BFC15628FEE7BA004E68A1 /* SearchCollectionViewCell.swift */; };
		F3BFC15928FEE7BA004E68A1 /* SearchCollectionViewCell.xib in Resources */ = {isa = PBXBuildFile; fileRef = F3BFC15728FEE7BA004E68A1 /* SearchCollectionViewCell.xib */; };
		F3CBD30328FF373C004B0B21 /* GoogleService-Info.plist in Resources */ = {isa = PBXBuildFile; fileRef = F3CBD30228FF373C004B0B21 /* GoogleService-Info.plist */; };
/* End PBXBuildFile section */

/* Begin PBXFileReference section */
		05B0A54D1D76FA2FF4AB6ADF /* Pods-Crypto App.release.xcconfig */ = {isa = PBXFileReference; includeInIndex = 1; lastKnownFileType = text.xcconfig; name = "Pods-Crypto App.release.xcconfig"; path = "Target Support Files/Pods-Crypto App/Pods-Crypto App.release.xcconfig"; sourceTree = "<group>"; };
		2EF3A175DD055FF9FE6195E4 /* Pods-Crypto App.debug.xcconfig */ = {isa = PBXFileReference; includeInIndex = 1; lastKnownFileType = text.xcconfig; name = "Pods-Crypto App.debug.xcconfig"; path = "Target Support Files/Pods-Crypto App/Pods-Crypto App.debug.xcconfig"; sourceTree = "<group>"; };
		ED1269D928F85FA300B06DDB /* RemoteConfigDefaults.plist */ = {isa = PBXFileReference; fileEncoding = 4; lastKnownFileType = text.plist.xml; path = RemoteConfigDefaults.plist; sourceTree = "<group>"; };
		ED4CE41428F15266002A38FE /* Crypto App.app */ = {isa = PBXFileReference; explicitFileType = wrapper.application; includeInIndex = 0; path = "Crypto App.app"; sourceTree = BUILT_PRODUCTS_DIR; };
		ED4CE41728F15266002A38FE /* AppDelegate.swift */ = {isa = PBXFileReference; lastKnownFileType = sourcecode.swift; path = AppDelegate.swift; sourceTree = "<group>"; };
		ED4CE42028F15267002A38FE /* Assets.xcassets */ = {isa = PBXFileReference; lastKnownFileType = folder.assetcatalog; path = Assets.xcassets; sourceTree = "<group>"; };
		ED4CE42328F15267002A38FE /* Base */ = {isa = PBXFileReference; lastKnownFileType = file.storyboard; name = Base; path = Base.lproj/LaunchScreen.storyboard; sourceTree = "<group>"; };
		ED4CE42528F15267002A38FE /* Info.plist */ = {isa = PBXFileReference; lastKnownFileType = text.plist.xml; path = Info.plist; sourceTree = "<group>"; };
		ED4CE42E28F160C4002A38FE /* RecentPhotosViewController.swift */ = {isa = PBXFileReference; lastKnownFileType = sourcecode.swift; path = RecentPhotosViewController.swift; sourceTree = "<group>"; };
		ED89E31928F2D6F900C96D75 /* AuthViewController.swift */ = {isa = PBXFileReference; lastKnownFileType = sourcecode.swift; path = AuthViewController.swift; sourceTree = "<group>"; };
		ED89E31A28F2D6F900C96D75 /* AuthViewController.xib */ = {isa = PBXFileReference; lastKnownFileType = file.xib; path = AuthViewController.xib; sourceTree = "<group>"; };
		ED89E32028F2D92800C96D75 /* AuthViewModel.swift */ = {isa = PBXFileReference; lastKnownFileType = sourcecode.swift; path = AuthViewModel.swift; sourceTree = "<group>"; };
		ED9E9E5E28F1612C00B048B0 /* RecentPhotosViewController.xib */ = {isa = PBXFileReference; fileEncoding = 4; lastKnownFileType = file.xib; path = RecentPhotosViewController.xib; sourceTree = "<group>"; };
		ED9E9E6928F179E100B048B0 /* RecentPhotosViewModel.swift */ = {isa = PBXFileReference; lastKnownFileType = sourcecode.swift; path = RecentPhotosViewModel.swift; sourceTree = "<group>"; };
		ED9E9E6C28F17C0A00B048B0 /* Photo.swift */ = {isa = PBXFileReference; lastKnownFileType = sourcecode.swift; path = Photo.swift; sourceTree = "<group>"; };
		ED9E9E6E28F17D4800B048B0 /* PhotosResponse.swift */ = {isa = PBXFileReference; lastKnownFileType = sourcecode.swift; path = PhotosResponse.swift; sourceTree = "<group>"; };
		ED9E9E7128F183AE00B048B0 /* PhotoTableViewCell.swift */ = {isa = PBXFileReference; lastKnownFileType = sourcecode.swift; path = PhotoTableViewCell.swift; sourceTree = "<group>"; };
		ED9E9E7328F183D800B048B0 /* PhotoTableViewCell.xib */ = {isa = PBXFileReference; lastKnownFileType = file.xib; path = PhotoTableViewCell.xib; sourceTree = "<group>"; };
		EDC88D9A28FA93C800D8645D /* AlertPresentable.swift */ = {isa = PBXFileReference; lastKnownFileType = sourcecode.swift; path = AlertPresentable.swift; sourceTree = "<group>"; };
		EDC88D9D28FA978100D8645D /* FAViewController.swift */ = {isa = PBXFileReference; lastKnownFileType = sourcecode.swift; path = FAViewController.swift; sourceTree = "<group>"; };
		EDC88D9F28FAA40800D8645D /* FlickrAPI.swift */ = {isa = PBXFileReference; lastKnownFileType = sourcecode.swift; path = FlickrAPI.swift; sourceTree = "<group>"; };
		EDF0F5A828FBEFA100B7C51D /* Assets.swift */ = {isa = PBXFileReference; fileEncoding = 4; lastKnownFileType = sourcecode.swift; path = Assets.swift; sourceTree = "<group>"; };
		EDF0F5AA28FBF5BF00B7C51D /* Fonts.swift */ = {isa = PBXFileReference; fileEncoding = 4; lastKnownFileType = sourcecode.swift; path = Fonts.swift; sourceTree = "<group>"; };
		EDF0F5B528FC067D00B7C51D /* User.swift */ = {isa = PBXFileReference; lastKnownFileType = sourcecode.swift; path = User.swift; sourceTree = "<group>"; };
		EDF0F5B828FC082500B7C51D /* Encodable+Extensions.swift */ = {isa = PBXFileReference; lastKnownFileType = sourcecode.swift; path = "Encodable+Extensions.swift"; sourceTree = "<group>"; };
		EDF0F5BB28FC15FA00B7C51D /* UserDefaultConstants.swift */ = {isa = PBXFileReference; lastKnownFileType = sourcecode.swift; path = UserDefaultConstants.swift; sourceTree = "<group>"; };
		EDF0F5BD28FC179F00B7C51D /* UserDefaultsAccessible.swift */ = {isa = PBXFileReference; lastKnownFileType = sourcecode.swift; path = UserDefaultsAccessible.swift; sourceTree = "<group>"; };
		EDF0F5BF28FC180000B7C51D /* FAViewModel.swift */ = {isa = PBXFileReference; lastKnownFileType = sourcecode.swift; path = FAViewModel.swift; sourceTree = "<group>"; };
		EDF0F5C128FC182A00B7C51D /* FireBaseFireStoreAccessible.swift */ = {isa = PBXFileReference; lastKnownFileType = sourcecode.swift; path = FireBaseFireStoreAccessible.swift; sourceTree = "<group>"; };
		F34B061C29006A7A00BD5660 /* ProfileViewController.swift */ = {isa = PBXFileReference; lastKnownFileType = sourcecode.swift; path = ProfileViewController.swift; sourceTree = "<group>"; };
		F34B062029006B1B00BD5660 /* ProfileViewController.xib */ = {isa = PBXFileReference; fileEncoding = 4; lastKnownFileType = file.xib; path = ProfileViewController.xib; sourceTree = "<group>"; };
		F34B062729006CA300BD5660 /* ProfileViewModel.swift */ = {isa = PBXFileReference; lastKnownFileType = sourcecode.swift; path = ProfileViewModel.swift; sourceTree = "<group>"; };
		F34B062A29006CD900BD5660 /* ProfileCollectionViewCell.swift */ = {isa = PBXFileReference; lastKnownFileType = sourcecode.swift; path = ProfileCollectionViewCell.swift; sourceTree = "<group>"; };
		F34B062B29006CD900BD5660 /* ProfileCollectionViewCell.xib */ = {isa = PBXFileReference; lastKnownFileType = file.xib; path = ProfileCollectionViewCell.xib; sourceTree = "<group>"; };
		F3759C992900A19C001C16C2 /* SearchViewModel.swift */ = {isa = PBXFileReference; fileEncoding = 4; lastKnownFileType = sourcecode.swift; path = SearchViewModel.swift; sourceTree = "<group>"; };
		F3BFC15128FEE602004E68A1 /* SearchViewController.swift */ = {isa = PBXFileReference; lastKnownFileType = sourcecode.swift; path = SearchViewController.swift; sourceTree = "<group>"; };
		F3BFC15228FEE602004E68A1 /* SearchViewController.xib */ = {isa = PBXFileReference; lastKnownFileType = file.xib; path = SearchViewController.xib; sourceTree = "<group>"; };
		F3BFC15628FEE7BA004E68A1 /* SearchCollectionViewCell.swift */ = {isa = PBXFileReference; lastKnownFileType = sourcecode.swift; path = SearchCollectionViewCell.swift; sourceTree = "<group>"; };
		F3BFC15728FEE7BA004E68A1 /* SearchCollectionViewCell.xib */ = {isa = PBXFileReference; lastKnownFileType = file.xib; path = SearchCollectionViewCell.xib; sourceTree = "<group>"; };
		F3CBD30228FF373C004B0B21 /* GoogleService-Info.plist */ = {isa = PBXFileReference; fileEncoding = 4; lastKnownFileType = text.plist.xml; path = "GoogleService-Info.plist"; sourceTree = "<group>"; };
		F9EAADB531860ED534304545 /* Pods_Crypto_App.framework */ = {isa = PBXFileReference; explicitFileType = wrapper.framework; includeInIndex = 0; path = Pods_Crypto_App.framework; sourceTree = BUILT_PRODUCTS_DIR; };
/* End PBXFileReference section */

/* Begin PBXFrameworksBuildPhase section */
		ED4CE41128F15266002A38FE /* Frameworks */ = {
			isa = PBXFrameworksBuildPhase;
			buildActionMask = 2147483647;
			files = (
				ED89E31328F2D1C600C96D75 /* FirebaseFirestoreSwift in Frameworks */,
				ED89E31128F2D1C600C96D75 /* FirebaseDatabaseSwift in Frameworks */,
				43690CE7EECD234068AC9583 /* Pods_Crypto_App.framework in Frameworks */,
				ED89E31528F2D1C600C96D75 /* FirebaseRemoteConfigSwift in Frameworks */,
				ED89E31728F2D1C600C96D75 /* FirebaseStorage in Frameworks */,
				ED89E30F28F2D1C600C96D75 /* FirebaseAuth in Frameworks */,
				ED89E2FF28F29D1300C96D75 /* Charts in Frameworks */,
			);
			runOnlyForDeploymentPostprocessing = 0;
		};
/* End PBXFrameworksBuildPhase section */

/* Begin PBXGroup section */
		18485ABB463821555425277A /* Pods */ = {
			isa = PBXGroup;
			children = (
				2EF3A175DD055FF9FE6195E4 /* Pods-Crypto App.debug.xcconfig */,
				05B0A54D1D76FA2FF4AB6ADF /* Pods-Crypto App.release.xcconfig */,
			);
			path = Pods;
			sourceTree = "<group>";
		};
		2E6437DA514F3125049838C6 /* Frameworks */ = {
			isa = PBXGroup;
			children = (
				F9EAADB531860ED534304545 /* Pods_Crypto_App.framework */,
			);
			name = Frameworks;
			sourceTree = "<group>";
		};
		ED4CE40B28F15266002A38FE = {
			isa = PBXGroup;
			children = (
				ED4CE41628F15266002A38FE /* Crypto App */,
				ED4CE41528F15266002A38FE /* Products */,
				18485ABB463821555425277A /* Pods */,
				2E6437DA514F3125049838C6 /* Frameworks */,
			);
			sourceTree = "<group>";
		};
		ED4CE41528F15266002A38FE /* Products */ = {
			isa = PBXGroup;
			children = (
				ED4CE41428F15266002A38FE /* Crypto App.app */,
			);
			name = Products;
			sourceTree = "<group>";
		};
		ED4CE41628F15266002A38FE /* Crypto App */ = {
			isa = PBXGroup;
			children = (
				ED4CE42B28F15274002A38FE /* App */,
				ED4CE42C28F1527F002A38FE /* Screens */,
			);
			path = "Crypto App";
			sourceTree = "<group>";
		};
		ED4CE42B28F15274002A38FE /* App */ = {
			isa = PBXGroup;
			children = (
				F3CBD30528FFE1DA004B0B21 /* Models */,
				ED9E9E6428F16C3100B048B0 /* Plists */,
				ED9E9E6328F16C2600B048B0 /* Assets */,
				ED9E9E6228F16C1E00B048B0 /* View */,
				ED9E9E6128F16C1400B048B0 /* Delegate */,
				ED9E9E6028F16C0B00B048B0 /* Core */,
			);
			path = App;
			sourceTree = "<group>";
		};
		ED4CE42C28F1527F002A38FE /* Screens */ = {
			isa = PBXGroup;
			children = (
				F34B0615290069A100BD5660 /* ProfileNew */,
				F3BFC13C28FEBBBB004E68A1 /* Search */,
				ED89E31828F2D6DD00C96D75 /* Auth */,
				ED4CE42D28F16082002A38FE /* RecentPhotos */,
			);
			path = Screens;
			sourceTree = "<group>";
		};
		ED4CE42D28F16082002A38FE /* RecentPhotos */ = {
			isa = PBXGroup;
			children = (
				ED9E9E6828F179D300B048B0 /* ViewModel */,
				ED4CE43328F160D5002A38FE /* Controller */,
				ED4CE43228F160D2002A38FE /* View */,
			);
			path = RecentPhotos;
			sourceTree = "<group>";
		};
		ED4CE43228F160D2002A38FE /* View */ = {
			isa = PBXGroup;
			children = (
				ED9E9E7028F1837C00B048B0 /* CoinTableViewCell */,
				ED9E9E5E28F1612C00B048B0 /* RecentPhotosViewController.xib */,
			);
			path = View;
			sourceTree = "<group>";
		};
		ED4CE43328F160D5002A38FE /* Controller */ = {
			isa = PBXGroup;
			children = (
				ED4CE42E28F160C4002A38FE /* RecentPhotosViewController.swift */,
			);
			path = Controller;
			sourceTree = "<group>";
		};
		ED89E31828F2D6DD00C96D75 /* Auth */ = {
			isa = PBXGroup;
			children = (
				ED89E31F28F2D91B00C96D75 /* ViewModel */,
				ED89E31E28F2D70400C96D75 /* View */,
				ED89E31D28F2D6FC00C96D75 /* Controller */,
			);
			path = Auth;
			sourceTree = "<group>";
		};
		ED89E31D28F2D6FC00C96D75 /* Controller */ = {
			isa = PBXGroup;
			children = (
				ED89E31928F2D6F900C96D75 /* AuthViewController.swift */,
			);
			path = Controller;
			sourceTree = "<group>";
		};
		ED89E31E28F2D70400C96D75 /* View */ = {
			isa = PBXGroup;
			children = (
				ED89E31A28F2D6F900C96D75 /* AuthViewController.xib */,
			);
			path = View;
			sourceTree = "<group>";
		};
		ED89E31F28F2D91B00C96D75 /* ViewModel */ = {
			isa = PBXGroup;
			children = (
				ED89E32028F2D92800C96D75 /* AuthViewModel.swift */,
			);
			path = ViewModel;
			sourceTree = "<group>";
		};
		ED9E9E6028F16C0B00B048B0 /* Core */ = {
			isa = PBXGroup;
			children = (
				EDF0F5BA28FC15EB00B7C51D /* Constants */,
				EDF0F5B728FC081700B7C51D /* Extensions */,
				EDC88D9C28FA972C00D8645D /* CAKit */,
				EDC88D9928FA923100D8645D /* Helpers */,
				ED9E9E6528F16C6200B048B0 /* Network */,
			);
			path = Core;
			sourceTree = "<group>";
		};
		ED9E9E6128F16C1400B048B0 /* Delegate */ = {
			isa = PBXGroup;
			children = (
				ED4CE41728F15266002A38FE /* AppDelegate.swift */,
			);
			path = Delegate;
			sourceTree = "<group>";
		};
		ED9E9E6228F16C1E00B048B0 /* View */ = {
			isa = PBXGroup;
			children = (
				ED4CE42228F15267002A38FE /* LaunchScreen.storyboard */,
			);
			path = View;
			sourceTree = "<group>";
		};
		ED9E9E6328F16C2600B048B0 /* Assets */ = {
			isa = PBXGroup;
			children = (
				EDF0F59828FBE9BF00B7C51D /* Generated */,
				ED4CE42028F15267002A38FE /* Assets.xcassets */,
			);
			path = Assets;
			sourceTree = "<group>";
		};
		ED9E9E6428F16C3100B048B0 /* Plists */ = {
			isa = PBXGroup;
			children = (
				F3CBD30228FF373C004B0B21 /* GoogleService-Info.plist */,
				ED1269D928F85FA300B06DDB /* RemoteConfigDefaults.plist */,
				ED4CE42528F15267002A38FE /* Info.plist */,
			);
			path = Plists;
			sourceTree = "<group>";
		};
		ED9E9E6528F16C6200B048B0 /* Network */ = {
			isa = PBXGroup;
			children = (
				EDC88D9F28FAA40800D8645D /* FlickrAPI.swift */,
			);
			path = Network;
			sourceTree = "<group>";
		};
		ED9E9E6828F179D300B048B0 /* ViewModel */ = {
			isa = PBXGroup;
			children = (
				ED9E9E6928F179E100B048B0 /* RecentPhotosViewModel.swift */,
			);
			path = ViewModel;
			sourceTree = "<group>";
		};
		ED9E9E7028F1837C00B048B0 /* CoinTableViewCell */ = {
			isa = PBXGroup;
			children = (
				ED9E9E7128F183AE00B048B0 /* PhotoTableViewCell.swift */,
				ED9E9E7328F183D800B048B0 /* PhotoTableViewCell.xib */,
			);
			path = CoinTableViewCell;
			sourceTree = "<group>";
		};
		EDC88D9928FA923100D8645D /* Helpers */ = {
			isa = PBXGroup;
			children = (
				EDC88D9A28FA93C800D8645D /* AlertPresentable.swift */,
			);
			path = Helpers;
			sourceTree = "<group>";
		};
		EDC88D9C28FA972C00D8645D /* CAKit */ = {
			isa = PBXGroup;
			children = (
				EDC88D9D28FA978100D8645D /* FAViewController.swift */,
				EDF0F5BF28FC180000B7C51D /* FAViewModel.swift */,
			);
			path = CAKit;
			sourceTree = "<group>";
		};
		EDF0F59828FBE9BF00B7C51D /* Generated */ = {
			isa = PBXGroup;
			children = (
				EDF0F5AA28FBF5BF00B7C51D /* Fonts.swift */,
				EDF0F5A828FBEFA100B7C51D /* Assets.swift */,
			);
			path = Generated;
			sourceTree = "<group>";
		};
		EDF0F5B728FC081700B7C51D /* Extensions */ = {
			isa = PBXGroup;
			children = (
				EDF0F5B828FC082500B7C51D /* Encodable+Extensions.swift */,
				EDF0F5BD28FC179F00B7C51D /* UserDefaultsAccessible.swift */,
				EDF0F5C128FC182A00B7C51D /* FireBaseFireStoreAccessible.swift */,
			);
			path = Extensions;
			sourceTree = "<group>";
		};
		EDF0F5BA28FC15EB00B7C51D /* Constants */ = {
			isa = PBXGroup;
			children = (
				EDF0F5BB28FC15FA00B7C51D /* UserDefaultConstants.swift */,
			);
			path = Constants;
			sourceTree = "<group>";
		};
		F34B0615290069A100BD5660 /* ProfileNew */ = {
			isa = PBXGroup;
			children = (
				F34B062929006CB100BD5660 /* ProfileCollectionViewCell */,
				F34B062029006B1B00BD5660 /* ProfileViewController.xib */,
				F34B061C29006A7A00BD5660 /* ProfileViewController.swift */,
				F34B062729006CA300BD5660 /* ProfileViewModel.swift */,
			);
			path = ProfileNew;
			sourceTree = "<group>";
		};
		F34B062929006CB100BD5660 /* ProfileCollectionViewCell */ = {
			isa = PBXGroup;
			children = (
				F34B062A29006CD900BD5660 /* ProfileCollectionViewCell.swift */,
				F34B062B29006CD900BD5660 /* ProfileCollectionViewCell.xib */,
			);
			path = ProfileCollectionViewCell;
			sourceTree = "<group>";
		};
		F3759C982900A171001C16C2 /* ViewModel */ = {
			isa = PBXGroup;
			children = (
				F3759C992900A19C001C16C2 /* SearchViewModel.swift */,
			);
			path = ViewModel;
			sourceTree = "<group>";
		};
		F3BFC13C28FEBBBB004E68A1 /* Search */ = {
			isa = PBXGroup;
			children = (
				F3759C982900A171001C16C2 /* ViewModel */,
				F3BFC14128FEBBDF004E68A1 /* View */,
				F3BFC15128FEE602004E68A1 /* SearchViewController.swift */,
				F3BFC15228FEE602004E68A1 /* SearchViewController.xib */,
			);
			path = Search;
			sourceTree = "<group>";
		};
		F3BFC14128FEBBDF004E68A1 /* View */ = {
			isa = PBXGroup;
			children = (
				F3BFC15528FEE787004E68A1 /* SearchCollectionViewCell */,
			);
			path = View;
			sourceTree = "<group>";
		};
		F3BFC15528FEE787004E68A1 /* SearchCollectionViewCell */ = {
			isa = PBXGroup;
			children = (
				F3BFC15628FEE7BA004E68A1 /* SearchCollectionViewCell.swift */,
				F3BFC15728FEE7BA004E68A1 /* SearchCollectionViewCell.xib */,
			);
			path = SearchCollectionViewCell;
			sourceTree = "<group>";
		};
		F3CBD30528FFE1DA004B0B21 /* Models */ = {
			isa = PBXGroup;
			children = (
				F3CBD30728FFE4FF004B0B21 /* User */,
				F3CBD30628FFE214004B0B21 /* Photo */,
			);
			path = Models;
			sourceTree = "<group>";
		};
		F3CBD30628FFE214004B0B21 /* Photo */ = {
			isa = PBXGroup;
			children = (
				ED9E9E6C28F17C0A00B048B0 /* Photo.swift */,
				ED9E9E6E28F17D4800B048B0 /* PhotosResponse.swift */,
			);
			path = Photo;
			sourceTree = "<group>";
		};
		F3CBD30728FFE4FF004B0B21 /* User */ = {
			isa = PBXGroup;
			children = (
				EDF0F5B528FC067D00B7C51D /* User.swift */,
			);
			path = User;
			sourceTree = "<group>";
		};
/* End PBXGroup section */

/* Begin PBXNativeTarget section */
		ED4CE41328F15266002A38FE /* Crypto App */ = {
			isa = PBXNativeTarget;
			buildConfigurationList = ED4CE42828F15267002A38FE /* Build configuration list for PBXNativeTarget "Crypto App" */;
			buildPhases = (
				422DDF06E2A2F2B78A253C3E /* [CP] Check Pods Manifest.lock */,
				ED4CE41028F15266002A38FE /* Sources */,
				ED4CE41128F15266002A38FE /* Frameworks */,
				ED4CE41228F15266002A38FE /* Resources */,
				6838ECDDAECCD978C88067A2 /* [CP] Embed Pods Frameworks */,
				EDF0F59928FBED2B00B7C51D /* SwiftGen */,
				EDF0F5AC28FBF71A00B7C51D /* SwiftLint */,
			);
			buildRules = (
			);
			dependencies = (
			);
			name = "Crypto App";
			packageProductDependencies = (
				ED89E2FE28F29D1300C96D75 /* Charts */,
				ED89E30E28F2D1C600C96D75 /* FirebaseAuth */,
				ED89E31028F2D1C600C96D75 /* FirebaseDatabaseSwift */,
				ED89E31228F2D1C600C96D75 /* FirebaseFirestoreSwift */,
				ED89E31428F2D1C600C96D75 /* FirebaseRemoteConfigSwift */,
				ED89E31628F2D1C600C96D75 /* FirebaseStorage */,
			);
			productName = "Crypto App";
			productReference = ED4CE41428F15266002A38FE /* Crypto App.app */;
			productType = "com.apple.product-type.application";
		};
/* End PBXNativeTarget section */

/* Begin PBXProject section */
		ED4CE40C28F15266002A38FE /* Project object */ = {
			isa = PBXProject;
			attributes = {
				BuildIndependentTargetsInParallel = 1;
				LastSwiftUpdateCheck = 1400;
				LastUpgradeCheck = 1400;
				TargetAttributes = {
					ED4CE41328F15266002A38FE = {
						CreatedOnToolsVersion = 14.0.1;
					};
				};
			};
			buildConfigurationList = ED4CE40F28F15266002A38FE /* Build configuration list for PBXProject "Crypto App" */;
			compatibilityVersion = "Xcode 14.0";
			developmentRegion = en;
			hasScannedForEncodings = 0;
			knownRegions = (
				en,
				Base,
			);
			mainGroup = ED4CE40B28F15266002A38FE;
			packageReferences = (
				ED89E2FD28F29D1300C96D75 /* XCRemoteSwiftPackageReference "Charts" */,
				ED89E30D28F2D1C600C96D75 /* XCRemoteSwiftPackageReference "firebase-ios-sdk" */,
			);
			productRefGroup = ED4CE41528F15266002A38FE /* Products */;
			projectDirPath = "";
			projectRoot = "";
			targets = (
				ED4CE41328F15266002A38FE /* Crypto App */,
			);
		};
/* End PBXProject section */

/* Begin PBXResourcesBuildPhase section */
		ED4CE41228F15266002A38FE /* Resources */ = {
			isa = PBXResourcesBuildPhase;
			buildActionMask = 2147483647;
			files = (
				F3CBD30328FF373C004B0B21 /* GoogleService-Info.plist in Resources */,
				ED1269DA28F85FA300B06DDB /* RemoteConfigDefaults.plist in Resources */,
				ED4CE42428F15267002A38FE /* LaunchScreen.storyboard in Resources */,
				F34B062D29006CD900BD5660 /* ProfileCollectionViewCell.xib in Resources */,
				F34B062129006B1B00BD5660 /* ProfileViewController.xib in Resources */,
				ED4CE42128F15267002A38FE /* Assets.xcassets in Resources */,
				ED9E9E7428F183D800B048B0 /* PhotoTableViewCell.xib in Resources */,
				ED89E31C28F2D6F900C96D75 /* AuthViewController.xib in Resources */,
				F3BFC15928FEE7BA004E68A1 /* SearchCollectionViewCell.xib in Resources */,
				ED9E9E5F28F1612C00B048B0 /* RecentPhotosViewController.xib in Resources */,
				F3BFC15428FEE602004E68A1 /* SearchViewController.xib in Resources */,
			);
			runOnlyForDeploymentPostprocessing = 0;
		};
/* End PBXResourcesBuildPhase section */

/* Begin PBXShellScriptBuildPhase section */
		422DDF06E2A2F2B78A253C3E /* [CP] Check Pods Manifest.lock */ = {
			isa = PBXShellScriptBuildPhase;
			buildActionMask = 2147483647;
			files = (
			);
			inputFileListPaths = (
			);
			inputPaths = (
				"${PODS_PODFILE_DIR_PATH}/Podfile.lock",
				"${PODS_ROOT}/Manifest.lock",
			);
			name = "[CP] Check Pods Manifest.lock";
			outputFileListPaths = (
			);
			outputPaths = (
				"$(DERIVED_FILE_DIR)/Pods-Crypto App-checkManifestLockResult.txt",
			);
			runOnlyForDeploymentPostprocessing = 0;
			shellPath = /bin/sh;
			shellScript = "diff \"${PODS_PODFILE_DIR_PATH}/Podfile.lock\" \"${PODS_ROOT}/Manifest.lock\" > /dev/null\nif [ $? != 0 ] ; then\n    # print error to STDERR\n    echo \"error: The sandbox is not in sync with the Podfile.lock. Run 'pod install' or update your CocoaPods installation.\" >&2\n    exit 1\nfi\n# This output is used by Xcode 'outputs' to avoid re-running this script phase.\necho \"SUCCESS\" > \"${SCRIPT_OUTPUT_FILE_0}\"\n";
			showEnvVarsInLog = 0;
		};
		6838ECDDAECCD978C88067A2 /* [CP] Embed Pods Frameworks */ = {
			isa = PBXShellScriptBuildPhase;
			buildActionMask = 2147483647;
			files = (
			);
			inputFileListPaths = (
				"${PODS_ROOT}/Target Support Files/Pods-Crypto App/Pods-Crypto App-frameworks-${CONFIGURATION}-input-files.xcfilelist",
			);
			name = "[CP] Embed Pods Frameworks";
			outputFileListPaths = (
				"${PODS_ROOT}/Target Support Files/Pods-Crypto App/Pods-Crypto App-frameworks-${CONFIGURATION}-output-files.xcfilelist",
			);
			runOnlyForDeploymentPostprocessing = 0;
			shellPath = /bin/sh;
			shellScript = "\"${PODS_ROOT}/Target Support Files/Pods-Crypto App/Pods-Crypto App-frameworks.sh\"\n";
			showEnvVarsInLog = 0;
		};
		EDF0F59928FBED2B00B7C51D /* SwiftGen */ = {
			isa = PBXShellScriptBuildPhase;
			buildActionMask = 2147483647;
			files = (
			);
			inputFileListPaths = (
			);
			inputPaths = (
			);
			name = SwiftGen;
			outputFileListPaths = (
			);
			outputPaths = (
			);
			runOnlyForDeploymentPostprocessing = 0;
			shellPath = /bin/sh;
			shellScript = "# For enable this phase, remove below line \nexit 0\n\nif test -d \"/opt/homebrew/bin/\"; then\n  PATH=\"/opt/homebrew/bin/:${PATH}\"\nfi\n\nexport PATH\n\nif which swiftgen >/dev/null; then\n  swiftgen\nelse\n  echo \"warning: SwiftGen not installed, download it from https://github.com/SwiftGen/SwiftGen\"\nfi\n";
		};
		EDF0F5AC28FBF71A00B7C51D /* SwiftLint */ = {
			isa = PBXShellScriptBuildPhase;
			buildActionMask = 2147483647;
			files = (
			);
			inputFileListPaths = (
			);
			inputPaths = (
			);
			name = SwiftLint;
			outputFileListPaths = (
			);
			outputPaths = (
			);
			runOnlyForDeploymentPostprocessing = 0;
			shellPath = /bin/sh;
			shellScript = "if test -d \"/opt/homebrew/bin/\"; then\n  PATH=\"/opt/homebrew/bin/:${PATH}\"\nfi\n\nexport PATH\n\nif which swiftlint >/dev/null; then\n  swiftlint\nelse\n  echo \"warning: SwiftLint not installed, download from https://github.com/realm/SwiftLint\"\nfi\n";
		};
/* End PBXShellScriptBuildPhase section */

/* Begin PBXSourcesBuildPhase section */
		ED4CE41028F15266002A38FE /* Sources */ = {
			isa = PBXSourcesBuildPhase;
			buildActionMask = 2147483647;
			files = (
				EDF0F5BC28FC15FA00B7C51D /* UserDefaultConstants.swift in Sources */,
				EDC88D9B28FA93C800D8645D /* AlertPresentable.swift in Sources */,
				EDF0F5C228FC182A00B7C51D /* FireBaseFireStoreAccessible.swift in Sources */,
				EDF0F5BE28FC179F00B7C51D /* UserDefaultsAccessible.swift in Sources */,
				ED4CE41828F15266002A38FE /* AppDelegate.swift in Sources */,
				EDF0F5C028FC180000B7C51D /* FAViewModel.swift in Sources */,
				EDC88DA028FAA40800D8645D /* FlickrAPI.swift in Sources */,
				F3BFC15328FEE602004E68A1 /* SearchViewController.swift in Sources */,
				ED9E9E6F28F17D4800B048B0 /* PhotosResponse.swift in Sources */,
				ED9E9E6A28F179E100B048B0 /* RecentPhotosViewModel.swift in Sources */,
				F34B062C29006CD900BD5660 /* ProfileCollectionViewCell.swift in Sources */,
				EDF0F5AB28FBF5BF00B7C51D /* Fonts.swift in Sources */,
				ED89E31B28F2D6F900C96D75 /* AuthViewController.swift in Sources */,
				EDC88D9E28FA978100D8645D /* FAViewController.swift in Sources */,
				F34B062829006CA300BD5660 /* ProfileViewModel.swift in Sources */,
				EDF0F5B928FC082500B7C51D /* Encodable+Extensions.swift in Sources */,
				ED9E9E6D28F17C0A00B048B0 /* Photo.swift in Sources */,
				ED4CE43028F160C4002A38FE /* RecentPhotosViewController.swift in Sources */,
				ED9E9E7228F183AE00B048B0 /* PhotoTableViewCell.swift in Sources */,
				ED89E32128F2D92800C96D75 /* AuthViewModel.swift in Sources */,
				F3BFC15828FEE7BA004E68A1 /* SearchCollectionViewCell.swift in Sources */,
				F3759C9A2900A19C001C16C2 /* SearchViewModel.swift in Sources */,
				F34B061E29006A7A00BD5660 /* ProfileViewController.swift in Sources */,
				EDF0F5A928FBEFA100B7C51D /* Assets.swift in Sources */,
				EDF0F5B628FC067D00B7C51D /* User.swift in Sources */,
			);
			runOnlyForDeploymentPostprocessing = 0;
		};
/* End PBXSourcesBuildPhase section */

/* Begin PBXVariantGroup section */
		ED4CE42228F15267002A38FE /* LaunchScreen.storyboard */ = {
			isa = PBXVariantGroup;
			children = (
				ED4CE42328F15267002A38FE /* Base */,
			);
			name = LaunchScreen.storyboard;
			sourceTree = "<group>";
		};
/* End PBXVariantGroup section */

/* Begin XCBuildConfiguration section */
		ED4CE42628F15267002A38FE /* Debug */ = {
			isa = XCBuildConfiguration;
			buildSettings = {
				ALWAYS_SEARCH_USER_PATHS = NO;
				CLANG_ANALYZER_NONNULL = YES;
				CLANG_ANALYZER_NUMBER_OBJECT_CONVERSION = YES_AGGRESSIVE;
				CLANG_CXX_LANGUAGE_STANDARD = "gnu++20";
				CLANG_ENABLE_MODULES = YES;
				CLANG_ENABLE_OBJC_ARC = YES;
				CLANG_ENABLE_OBJC_WEAK = YES;
				CLANG_WARN_BLOCK_CAPTURE_AUTORELEASING = YES;
				CLANG_WARN_BOOL_CONVERSION = YES;
				CLANG_WARN_COMMA = YES;
				CLANG_WARN_CONSTANT_CONVERSION = YES;
				CLANG_WARN_DEPRECATED_OBJC_IMPLEMENTATIONS = YES;
				CLANG_WARN_DIRECT_OBJC_ISA_USAGE = YES_ERROR;
				CLANG_WARN_DOCUMENTATION_COMMENTS = YES;
				CLANG_WARN_EMPTY_BODY = YES;
				CLANG_WARN_ENUM_CONVERSION = YES;
				CLANG_WARN_INFINITE_RECURSION = YES;
				CLANG_WARN_INT_CONVERSION = YES;
				CLANG_WARN_NON_LITERAL_NULL_CONVERSION = YES;
				CLANG_WARN_OBJC_IMPLICIT_RETAIN_SELF = YES;
				CLANG_WARN_OBJC_LITERAL_CONVERSION = YES;
				CLANG_WARN_OBJC_ROOT_CLASS = YES_ERROR;
				CLANG_WARN_QUOTED_INCLUDE_IN_FRAMEWORK_HEADER = YES;
				CLANG_WARN_RANGE_LOOP_ANALYSIS = YES;
				CLANG_WARN_STRICT_PROTOTYPES = YES;
				CLANG_WARN_SUSPICIOUS_MOVE = YES;
				CLANG_WARN_UNGUARDED_AVAILABILITY = YES_AGGRESSIVE;
				CLANG_WARN_UNREACHABLE_CODE = YES;
				CLANG_WARN__DUPLICATE_METHOD_MATCH = YES;
				COPY_PHASE_STRIP = NO;
				DEBUG_INFORMATION_FORMAT = dwarf;
				ENABLE_STRICT_OBJC_MSGSEND = YES;
				ENABLE_TESTABILITY = YES;
				GCC_C_LANGUAGE_STANDARD = gnu11;
				GCC_DYNAMIC_NO_PIC = NO;
				GCC_NO_COMMON_BLOCKS = YES;
				GCC_OPTIMIZATION_LEVEL = 0;
				GCC_PREPROCESSOR_DEFINITIONS = (
					"DEBUG=1",
					"$(inherited)",
				);
				GCC_WARN_64_TO_32_BIT_CONVERSION = YES;
				GCC_WARN_ABOUT_RETURN_TYPE = YES_ERROR;
				GCC_WARN_UNDECLARED_SELECTOR = YES;
				GCC_WARN_UNINITIALIZED_AUTOS = YES_AGGRESSIVE;
				GCC_WARN_UNUSED_FUNCTION = YES;
				GCC_WARN_UNUSED_VARIABLE = YES;
				IPHONEOS_DEPLOYMENT_TARGET = 16.0;
				MTL_ENABLE_DEBUG_INFO = INCLUDE_SOURCE;
				MTL_FAST_MATH = YES;
				ONLY_ACTIVE_ARCH = YES;
				SDKROOT = iphoneos;
				SWIFT_ACTIVE_COMPILATION_CONDITIONS = DEBUG;
				SWIFT_OPTIMIZATION_LEVEL = "-Onone";
			};
			name = Debug;
		};
		ED4CE42728F15267002A38FE /* Release */ = {
			isa = XCBuildConfiguration;
			buildSettings = {
				ALWAYS_SEARCH_USER_PATHS = NO;
				CLANG_ANALYZER_NONNULL = YES;
				CLANG_ANALYZER_NUMBER_OBJECT_CONVERSION = YES_AGGRESSIVE;
				CLANG_CXX_LANGUAGE_STANDARD = "gnu++20";
				CLANG_ENABLE_MODULES = YES;
				CLANG_ENABLE_OBJC_ARC = YES;
				CLANG_ENABLE_OBJC_WEAK = YES;
				CLANG_WARN_BLOCK_CAPTURE_AUTORELEASING = YES;
				CLANG_WARN_BOOL_CONVERSION = YES;
				CLANG_WARN_COMMA = YES;
				CLANG_WARN_CONSTANT_CONVERSION = YES;
				CLANG_WARN_DEPRECATED_OBJC_IMPLEMENTATIONS = YES;
				CLANG_WARN_DIRECT_OBJC_ISA_USAGE = YES_ERROR;
				CLANG_WARN_DOCUMENTATION_COMMENTS = YES;
				CLANG_WARN_EMPTY_BODY = YES;
				CLANG_WARN_ENUM_CONVERSION = YES;
				CLANG_WARN_INFINITE_RECURSION = YES;
				CLANG_WARN_INT_CONVERSION = YES;
				CLANG_WARN_NON_LITERAL_NULL_CONVERSION = YES;
				CLANG_WARN_OBJC_IMPLICIT_RETAIN_SELF = YES;
				CLANG_WARN_OBJC_LITERAL_CONVERSION = YES;
				CLANG_WARN_OBJC_ROOT_CLASS = YES_ERROR;
				CLANG_WARN_QUOTED_INCLUDE_IN_FRAMEWORK_HEADER = YES;
				CLANG_WARN_RANGE_LOOP_ANALYSIS = YES;
				CLANG_WARN_STRICT_PROTOTYPES = YES;
				CLANG_WARN_SUSPICIOUS_MOVE = YES;
				CLANG_WARN_UNGUARDED_AVAILABILITY = YES_AGGRESSIVE;
				CLANG_WARN_UNREACHABLE_CODE = YES;
				CLANG_WARN__DUPLICATE_METHOD_MATCH = YES;
				COPY_PHASE_STRIP = NO;
				DEBUG_INFORMATION_FORMAT = "dwarf-with-dsym";
				ENABLE_NS_ASSERTIONS = NO;
				ENABLE_STRICT_OBJC_MSGSEND = YES;
				GCC_C_LANGUAGE_STANDARD = gnu11;
				GCC_NO_COMMON_BLOCKS = YES;
				GCC_WARN_64_TO_32_BIT_CONVERSION = YES;
				GCC_WARN_ABOUT_RETURN_TYPE = YES_ERROR;
				GCC_WARN_UNDECLARED_SELECTOR = YES;
				GCC_WARN_UNINITIALIZED_AUTOS = YES_AGGRESSIVE;
				GCC_WARN_UNUSED_FUNCTION = YES;
				GCC_WARN_UNUSED_VARIABLE = YES;
				IPHONEOS_DEPLOYMENT_TARGET = 16.0;
				MTL_ENABLE_DEBUG_INFO = NO;
				MTL_FAST_MATH = YES;
				SDKROOT = iphoneos;
				SWIFT_COMPILATION_MODE = wholemodule;
				SWIFT_OPTIMIZATION_LEVEL = "-O";
				VALIDATE_PRODUCT = YES;
			};
			name = Release;
		};
		ED4CE42928F15267002A38FE /* Debug */ = {
			isa = XCBuildConfiguration;
			baseConfigurationReference = 2EF3A175DD055FF9FE6195E4 /* Pods-Crypto App.debug.xcconfig */;
			buildSettings = {
				ASSETCATALOG_COMPILER_APPICON_NAME = AppIcon;
				ASSETCATALOG_COMPILER_GLOBAL_ACCENT_COLOR_NAME = AccentColor;
				CODE_SIGN_STYLE = Automatic;
				CURRENT_PROJECT_VERSION = 1;
				DEVELOPMENT_TEAM = 44R27BB6SM;
				GENERATE_INFOPLIST_FILE = YES;
				INFOPLIST_FILE = "Crypto App/App/Plists/Info.plist";
				INFOPLIST_KEY_CFBundleDisplayName = Crypto;
				INFOPLIST_KEY_LSApplicationCategoryType = "public.app-category.finance";
				INFOPLIST_KEY_UIApplicationSupportsIndirectInputEvents = YES;
				INFOPLIST_KEY_UILaunchStoryboardName = LaunchScreen;
				INFOPLIST_KEY_UIMainStoryboardFile = "";
				INFOPLIST_KEY_UISupportedInterfaceOrientations = UIInterfaceOrientationPortrait;
				INFOPLIST_KEY_UISupportedInterfaceOrientations_iPad = "UIInterfaceOrientationLandscapeLeft UIInterfaceOrientationLandscapeRight UIInterfaceOrientationPortrait UIInterfaceOrientationPortraitUpsideDown";
				IPHONEOS_DEPLOYMENT_TARGET = 12.0;
				LD_RUNPATH_SEARCH_PATHS = (
					"$(inherited)",
					"@executable_path/Frameworks",
				);
				MARKETING_VERSION = 0.1;
				PRODUCT_BUNDLE_IDENTIFIER = "com.pazaramaiosbootcamp.Crypto-App";
				PRODUCT_NAME = "$(TARGET_NAME)";
				SUPPORTED_PLATFORMS = "iphoneos iphonesimulator";
				SUPPORTS_MACCATALYST = NO;
				SUPPORTS_MAC_DESIGNED_FOR_IPHONE_IPAD = NO;
				SWIFT_EMIT_LOC_STRINGS = YES;
				SWIFT_VERSION = 5.0;
				TARGETED_DEVICE_FAMILY = 1;
			};
			name = Debug;
		};
		ED4CE42A28F15267002A38FE /* Release */ = {
			isa = XCBuildConfiguration;
			baseConfigurationReference = 05B0A54D1D76FA2FF4AB6ADF /* Pods-Crypto App.release.xcconfig */;
			buildSettings = {
				ASSETCATALOG_COMPILER_APPICON_NAME = AppIcon;
				ASSETCATALOG_COMPILER_GLOBAL_ACCENT_COLOR_NAME = AccentColor;
				CODE_SIGN_STYLE = Automatic;
				CURRENT_PROJECT_VERSION = 1;
				DEVELOPMENT_TEAM = 44R27BB6SM;
				GENERATE_INFOPLIST_FILE = YES;
				INFOPLIST_FILE = "Crypto App/App/Plists/Info.plist";
				INFOPLIST_KEY_CFBundleDisplayName = Crypto;
				INFOPLIST_KEY_LSApplicationCategoryType = "public.app-category.finance";
				INFOPLIST_KEY_UIApplicationSupportsIndirectInputEvents = YES;
				INFOPLIST_KEY_UILaunchStoryboardName = LaunchScreen;
				INFOPLIST_KEY_UIMainStoryboardFile = "";
				INFOPLIST_KEY_UISupportedInterfaceOrientations = UIInterfaceOrientationPortrait;
				INFOPLIST_KEY_UISupportedInterfaceOrientations_iPad = "UIInterfaceOrientationLandscapeLeft UIInterfaceOrientationLandscapeRight UIInterfaceOrientationPortrait UIInterfaceOrientationPortraitUpsideDown";
				IPHONEOS_DEPLOYMENT_TARGET = 12.0;
				LD_RUNPATH_SEARCH_PATHS = (
					"$(inherited)",
					"@executable_path/Frameworks",
				);
				MARKETING_VERSION = 0.1;
				PRODUCT_BUNDLE_IDENTIFIER = "com.pazaramaiosbootcamp.Crypto-App";
				PRODUCT_NAME = "$(TARGET_NAME)";
				SUPPORTED_PLATFORMS = "iphoneos iphonesimulator";
				SUPPORTS_MACCATALYST = NO;
				SUPPORTS_MAC_DESIGNED_FOR_IPHONE_IPAD = NO;
				SWIFT_EMIT_LOC_STRINGS = YES;
				SWIFT_VERSION = 5.0;
				TARGETED_DEVICE_FAMILY = 1;
			};
			name = Release;
		};
/* End XCBuildConfiguration section */

/* Begin XCConfigurationList section */
		ED4CE40F28F15266002A38FE /* Build configuration list for PBXProject "Crypto App" */ = {
			isa = XCConfigurationList;
			buildConfigurations = (
				ED4CE42628F15267002A38FE /* Debug */,
				ED4CE42728F15267002A38FE /* Release */,
			);
			defaultConfigurationIsVisible = 0;
			defaultConfigurationName = Release;
		};
		ED4CE42828F15267002A38FE /* Build configuration list for PBXNativeTarget "Crypto App" */ = {
			isa = XCConfigurationList;
			buildConfigurations = (
				ED4CE42928F15267002A38FE /* Debug */,
				ED4CE42A28F15267002A38FE /* Release */,
			);
			defaultConfigurationIsVisible = 0;
			defaultConfigurationName = Release;
		};
/* End XCConfigurationList section */

/* Begin XCRemoteSwiftPackageReference section */
		ED89E2FD28F29D1300C96D75 /* XCRemoteSwiftPackageReference "Charts" */ = {
			isa = XCRemoteSwiftPackageReference;
			repositoryURL = "https://github.com/danielgindi/Charts.git";
			requirement = {
				kind = upToNextMajorVersion;
				minimumVersion = 4.0.0;
			};
		};
		ED89E30D28F2D1C600C96D75 /* XCRemoteSwiftPackageReference "firebase-ios-sdk" */ = {
			isa = XCRemoteSwiftPackageReference;
			repositoryURL = "https://github.com/firebase/firebase-ios-sdk";
			requirement = {
				kind = upToNextMajorVersion;
				minimumVersion = 9.0.0;
			};
		};
/* End XCRemoteSwiftPackageReference section */

/* Begin XCSwiftPackageProductDependency section */
		ED89E2FE28F29D1300C96D75 /* Charts */ = {
			isa = XCSwiftPackageProductDependency;
			package = ED89E2FD28F29D1300C96D75 /* XCRemoteSwiftPackageReference "Charts" */;
			productName = Charts;
		};
		ED89E30E28F2D1C600C96D75 /* FirebaseAuth */ = {
			isa = XCSwiftPackageProductDependency;
			package = ED89E30D28F2D1C600C96D75 /* XCRemoteSwiftPackageReference "firebase-ios-sdk" */;
			productName = FirebaseAuth;
		};
		ED89E31028F2D1C600C96D75 /* FirebaseDatabaseSwift */ = {
			isa = XCSwiftPackageProductDependency;
			package = ED89E30D28F2D1C600C96D75 /* XCRemoteSwiftPackageReference "firebase-ios-sdk" */;
			productName = FirebaseDatabaseSwift;
		};
		ED89E31228F2D1C600C96D75 /* FirebaseFirestoreSwift */ = {
			isa = XCSwiftPackageProductDependency;
			package = ED89E30D28F2D1C600C96D75 /* XCRemoteSwiftPackageReference "firebase-ios-sdk" */;
			productName = FirebaseFirestoreSwift;
		};
		ED89E31428F2D1C600C96D75 /* FirebaseRemoteConfigSwift */ = {
			isa = XCSwiftPackageProductDependency;
			package = ED89E30D28F2D1C600C96D75 /* XCRemoteSwiftPackageReference "firebase-ios-sdk" */;
			productName = FirebaseRemoteConfigSwift;
		};
		ED89E31628F2D1C600C96D75 /* FirebaseStorage */ = {
			isa = XCSwiftPackageProductDependency;
			package = ED89E30D28F2D1C600C96D75 /* XCRemoteSwiftPackageReference "firebase-ios-sdk" */;
			productName = FirebaseStorage;
		};
/* End XCSwiftPackageProductDependency section */
	};
	rootObject = ED4CE40C28F15266002A38FE /* Project object */;
}
